
Microsoft Visual Studio Solution File, Format Version 12.00
# Visual Studio Version 16
VisualStudioVersion = 16.0.29806.167
MinimumVisualStudioVersion = 10.0.40219.1
Project("{FAE04EC0-301F-11D3-BF4B-00C04F79EFBC}") = "Dota2Timer", "Dota2Timer\Dota2Timer.csproj", "{66DB84B5-D6CC-4D98-A4AA-67CE1B4874F4}"
EndProject
Global
	GlobalSection(SolutionConfigurationPlatforms) = preSolution
		Debug|Any CPU = Debug|Any CPU
		Release|Any CPU = Release|Any CPU
	EndGlobalSection
	GlobalSection(ProjectConfigurationPlatforms) = postSolution
		{66DB84B5-D6CC-4D98-A4AA-67CE1B4874F4}.Debug|Any CPU.ActiveCfg = Debug|Any CPU
		{66DB84B5-D6CC-4D98-A4AA-67CE1B4874F4}.Debug|Any CPU.Build.0 = Debug|Any CPU
		{66DB84B5-D6CC-4D98-A4AA-67CE1B4874F4}.Release|Any CPU.ActiveCfg = Release|Any CPU
		{66DB84B5-D6CC-4D98-A4AA-67CE1B4874F4}.Release|Any CPU.Build.0 = Release|Any CPU
	EndGlobalSection
	GlobalSection(SolutionProperties) = preSolution
		HideSolutionNode = FALSE
	EndGlobalSection
	GlobalSection(ExtensibilityGlobals) = postSolution
		SolutionGuid = {1FE90EE3-E67F-4181-84E8-3E5AA733EC16}
	EndGlobalSection
EndGlobal
